
Microsoft Visual Studio Solution File, Format Version 12.00
# Visual Studio Version 17
VisualStudioVersion = 17.4.33213.308
MinimumVisualStudioVersion = 10.0.40219.1
Project("{FAE04EC0-301F-11D3-BF4B-00C04F79EFBC}") = "ЧМ КП1", "ЧМ КП1\ЧМ КП1.csproj", "{1A975AC5-893F-49F6-8524-6D0AE3DD6B1B}"
EndProject
Global
	GlobalSection(SolutionConfigurationPlatforms) = preSolution
		Debug|Any CPU = Debug|Any CPU
		Release|Any CPU = Release|Any CPU
	EndGlobalSection
	GlobalSection(ProjectConfigurationPlatforms) = postSolution
		{1A975AC5-893F-49F6-8524-6D0AE3DD6B1B}.Debug|Any CPU.ActiveCfg = Debug|Any CPU
		{1A975AC5-893F-49F6-8524-6D0AE3DD6B1B}.Debug|Any CPU.Build.0 = Debug|Any CPU
		{1A975AC5-893F-49F6-8524-6D0AE3DD6B1B}.Release|Any CPU.ActiveCfg = Release|Any CPU
		{1A975AC5-893F-49F6-8524-6D0AE3DD6B1B}.Release|Any CPU.Build.0 = Release|Any CPU
	EndGlobalSection
	GlobalSection(SolutionProperties) = preSolution
		HideSolutionNode = FALSE
	EndGlobalSection
	GlobalSection(ExtensibilityGlobals) = postSolution
		SolutionGuid = {E69A62C9-D4D2-44D4-A355-712836AB59C7}
	EndGlobalSection
EndGlobal
